{
  "name": "plugin-upload",
  "version": "1.0.0",
  "lockfileVersion": 3,
  "requires": true,
  "packages": {
    "": {
      "version": "1.0.0",
      "dependencies": {
        "node-stream-zip": "^1.3.7"
      }
    },
    "node_modules/node-stream-zip": {
      "version": "1.16.0",
      "resolved": "https://registry.npmjs.org/node-stream-zip/-/node-stream-zip-1.16.0.tgz",
      "integrity": "sha512-ObaRrRoR8T68wF6suxHd7R4XQNamij6ZQHrwG7Dx1D2zeHcDNLsIOBcWrIwtDm7AsCXBguaPHgXhcjxDa2szrg==",
      "license": "MIT",
      "engines": {
        "node": ">=0.12.0"
      },
      "funding": {
        "type": "github",
        "url": "https://github.com/sponsors/antelle"
      }
    }
  }
}
